lockfileVersion: '9.0'

settings:
  autoInstallPeers: true
  excludeLinksFromLockfile: false

importers:

  .:
    devDependencies:
      '@types/node':
        specifier: ^26.2.0
        version: 26.2.0
      web-features:
        specifier: ^3.40.1
        version: 3.40.1

packages:

  '@types/node@26.2.0':
    resolution: {integrity: sha512-5IviulTZeRNp2vAJ514cc/HUlY5nZ9fCbq9DMyC52BrhFZACo3nI0R7qBxhQmo/d27NFe96ur/b7Wwxklda+kg==}

  undici-types@8.3.0:
    resolution: {integrity: sha512-j375ScV60dom+YkPFIfTLcOiPxkN/buHz5GobjLhixFuANaNs3C9l4GmrWqejgXWJ7BbJcFYpTEUkS1Ge8bpZQ==}

  web-features@3.40.1:
    resolution: {integrity: sha512-HRdUYqZRNawtIEI39iKjk6E6g1yO/bct/8bFcD/O+bNGYsbG475PV80+HTrpkYOiZnoEaVSMu5Q/LTVwnBH5ag==}

snapshots:

  '@types/node@26.2.0':
    dependencies:
      undici-types: 8.3.0

  undici-types@8.3.0: {}

  web-features@3.40.1: {}
