lockfileVersion: '9.0'

settings:
  autoInstallPeers: true
  excludeLinksFromLockfile: false

importers:

  .:
    devDependencies:
      web-features:
        specifier: ^3.27.0
        version: 3.27.0

packages:

  web-features@3.27.0:
    resolution: {integrity: sha512-Usye0RO960BDWH+cnE2TBnzKkoYhLAETSpuO5A8yFnbg67gjr0EquN1f0/suO8iruDFHP9W9oAU2hGsoyoxotA==}

snapshots:

  web-features@3.27.0: {}
