lockfileVersion: '9.0'

settings:
  autoInstallPeers: true
  excludeLinksFromLockfile: false

importers:

  .:
    devDependencies:
      '@types/node':
        specifier: ^26.2.0
        version: 26.2.0
      web-features:
        specifier: ^3.34.3
        version: 3.34.3

packages:

  '@types/node@26.2.0':
    resolution: {integrity: sha512-5IviulTZeRNp2vAJ514cc/HUlY5nZ9fCbq9DMyC52BrhFZACo3nI0R7qBxhQmo/d27NFe96ur/b7Wwxklda+kg==}

  undici-types@8.3.0:
    resolution: {integrity: sha512-j375ScV60dom+YkPFIfTLcOiPxkN/buHz5GobjLhixFuANaNs3C9l4GmrWqejgXWJ7BbJcFYpTEUkS1Ge8bpZQ==}

  web-features@3.34.3:
    resolution: {integrity: sha512-eXdaGO8JSiLLC5/tLOeDiH0EVIbuD8NExMDAziU0frr9JRdiEKqyOsTeEZDtmCXbazEI3mB+plYO4oMYOj1/Dg==}

snapshots:

  '@types/node@26.2.0':
    dependencies:
      undici-types: 8.3.0

  undici-types@8.3.0: {}

  web-features@3.34.3: {}
